--- 
dependencies: 
  json: 
    group: 
    - :default
    version: = 1.4.3
  hpricot: 
    group: 
    - :default
    version: = 0.8.2
specs: 
- hpricot: 
    version: 0.8.2
- json: 
    version: 1.4.3
hash: ba6ad39ba573f433e03cd02c968769b910088320
sources: 
- Rubygems: 
    uri: http://gemcutter.org
